
Microsoft Visual Studio Solution File, Format Version 12.00
# Visual Studio Version 16
VisualStudioVersion = 16.0.31729.503
MinimumVisualStudioVersion = 10.0.40219.1
Project("{9A19103F-16F7-4668-BE54-9A1E7A4F7556}") = "ASG_ADAC_FE", "ASG_ADAC_FE.csproj", "{D031A3F4-13CC-4F43-A9FB-63B0AB92D753}"
EndProject
Project("{FAE04EC0-301F-11D3-BF4B-00C04F79EFBC}") = "ADPORT_TEST", "..\ADPORT_TEST\ADPORT_TEST.csproj", "{B986BCC7-42EE-45A9-AA1B-26EA788BD7C1}"
EndProject
Global
	GlobalSection(SolutionConfigurationPlatforms) = preSolution
		Debug|Any CPU = Debug|Any CPU
		Release|Any CPU = Release|Any CPU
	EndGlobalSection
	GlobalSection(ProjectConfigurationPlatforms) = postSolution
		{D031A3F4-13CC-4F43-A9FB-63B0AB92D753}.Debug|Any CPU.ActiveCfg = Debug|Any CPU
		{D031A3F4-13CC-4F43-A9FB-63B0AB92D753}.Debug|Any CPU.Build.0 = Debug|Any CPU
		{D031A3F4-13CC-4F43-A9FB-63B0AB92D753}.Release|Any CPU.ActiveCfg = Release|Any CPU
		{D031A3F4-13CC-4F43-A9FB-63B0AB92D753}.Release|Any CPU.Build.0 = Release|Any CPU
		{B986BCC7-42EE-45A9-AA1B-26EA788BD7C1}.Debug|Any CPU.ActiveCfg = Debug|Any CPU
		{B986BCC7-42EE-45A9-AA1B-26EA788BD7C1}.Debug|Any CPU.Build.0 = Debug|Any CPU
		{B986BCC7-42EE-45A9-AA1B-26EA788BD7C1}.Release|Any CPU.ActiveCfg = Release|Any CPU
		{B986BCC7-42EE-45A9-AA1B-26EA788BD7C1}.Release|Any CPU.Build.0 = Release|Any CPU
	EndGlobalSection
	GlobalSection(SolutionProperties) = preSolution
		HideSolutionNode = FALSE
	EndGlobalSection
	GlobalSection(ExtensibilityGlobals) = postSolution
		SolutionGuid = {B217E084-E947-48F7-B0B2-9806321F5DF5}
	EndGlobalSection
EndGlobal
